{
  "nodes": {
    "nixos-hardware": {
      "locked": {
        "lastModified": 1745907084,
        "narHash": "sha256-Q8SpDbTI95vtKXgNcVl1VdSUhhDOORE8R77wWS2rmg8=",
        "owner": "NixOS",
        "repo": "nixos-hardware",
        "rev": "f1e52a018166e1a324f832de913e12c0e55792d0",
        "type": "github"
      },
      "original": {
        "owner": "NixOS",
        "repo": "nixos-hardware",
        "type": "github"
      }
    },
    "nixpkgs": {
      "locked": {
        "lastModified": 1754214453,
        "narHash": "sha256-Q/I2xJn/j1wpkGhWkQnm20nShYnG7TI99foDBpXm1SY=",
        "owner": "NixOS",
        "repo": "nixpkgs",
        "rev": "5b09dc45f24cf32316283e62aec81ffee3c3e376",
        "type": "github"
      },
      "original": {
        "owner": "NixOS",
        "ref": "nixos-unstable",
        "repo": "nixpkgs",
        "type": "github"
      }
    },
    "root": {
      "inputs": {
        "nixos-hardware": "nixos-hardware",
        "nixpkgs": "nixpkgs"
      }
    }
  },
  "root": "root",
  "version": 7
}
